
Microsoft Visual Studio Solution File, Format Version 12.00
# Visual Studio Version 17
VisualStudioVersion = 17.4.33403.182
MinimumVisualStudioVersion = 10.0.40219.1
Project("{FAE04EC0-301F-11D3-BF4B-00C04F79EFBC}") = "OOP1", "OOP1\OOP1.csproj", "{AF7A550A-B008-4534-8BC5-E96892EDB608}"
EndProject
Global
	GlobalSection(SolutionConfigurationPlatforms) = preSolution
		Debug|Any CPU = Debug|Any CPU
		Release|Any CPU = Release|Any CPU
	EndGlobalSection
	GlobalSection(ProjectConfigurationPlatforms) = postSolution
		{AF7A550A-B008-4534-8BC5-E96892EDB608}.Debug|Any CPU.ActiveCfg = Debug|Any CPU
		{AF7A550A-B008-4534-8BC5-E96892EDB608}.Debug|Any CPU.Build.0 = Debug|Any CPU
		{AF7A550A-B008-4534-8BC5-E96892EDB608}.Release|Any CPU.ActiveCfg = Release|Any CPU
		{AF7A550A-B008-4534-8BC5-E96892EDB608}.Release|Any CPU.Build.0 = Release|Any CPU
	EndGlobalSection
	GlobalSection(SolutionProperties) = preSolution
		HideSolutionNode = FALSE
	EndGlobalSection
	GlobalSection(ExtensibilityGlobals) = postSolution
		SolutionGuid = {C1C50E31-5683-4A8C-80ED-EF1AC6E65DCC}
	EndGlobalSection
EndGlobal
