
Microsoft Visual Studio Solution File, Format Version 12.00
# Visual Studio Version 17
VisualStudioVersion = 17.4.33403.182
MinimumVisualStudioVersion = 10.0.40219.1
Project("{FAE04EC0-301F-11D3-BF4B-00C04F79EFBC}") = "OOP2", "OOP2\OOP2.csproj", "{2D09BBF7-A02D-4588-BC7A-9422C37E242E}"
EndProject
Project("{FAE04EC0-301F-11D3-BF4B-00C04F79EFBC}") = "STATIC", "STATIC\STATIC.csproj", "{687ABFA6-7CB0-49AD-A07A-B6395F57418A}"
EndProject
Project("{FAE04EC0-301F-11D3-BF4B-00C04F79EFBC}") = "STA-ENCON ODEV", "STA-ENCON ODEV\STA-ENCON ODEV.csproj", "{AB9E03D8-7803-4DDB-8404-7F3E59A927BE}"
EndProject
Project("{FAE04EC0-301F-11D3-BF4B-00C04F79EFBC}") = "INNERTYPE", "INNERTYPE\INNERTYPE.csproj", "{B59EF689-C686-44F1-80B8-8CED26EF3882}"
EndProject
Project("{FAE04EC0-301F-11D3-BF4B-00C04F79EFBC}") = "INHERITANCE", "INHERITANCE\INHERITANCE.csproj", "{0870EB13-106D-49DE-903A-228CC6623AA7}"
EndProject
Project("{FAE04EC0-301F-11D3-BF4B-00C04F79EFBC}") = "VIRTUAL", "VIRTUAL\VIRTUAL.csproj", "{A49D88CC-1932-4962-A516-FF84E69869FC}"
EndProject
Project("{FAE04EC0-301F-11D3-BF4B-00C04F79EFBC}") = "VIRTUAL2", "VIRTUAL2\VIRTUAL2.csproj", "{55982605-79CF-4B0A-951F-AAF76A652F57}"
EndProject
Project("{FAE04EC0-301F-11D3-BF4B-00C04F79EFBC}") = "ABS-INTERFACE", "ABS-INTERFACE\ABS-INTERFACE.csproj", "{9461AB76-3A92-4216-9A93-AD6D705267A0}"
EndProject
Global
	GlobalSection(SolutionConfigurationPlatforms) = preSolution
		Debug|Any CPU = Debug|Any CPU
		Release|Any CPU = Release|Any CPU
	EndGlobalSection
	GlobalSection(ProjectConfigurationPlatforms) = postSolution
		{2D09BBF7-A02D-4588-BC7A-9422C37E242E}.Debug|Any CPU.ActiveCfg = Debug|Any CPU
		{2D09BBF7-A02D-4588-BC7A-9422C37E242E}.Debug|Any CPU.Build.0 = Debug|Any CPU
		{2D09BBF7-A02D-4588-BC7A-9422C37E242E}.Release|Any CPU.ActiveCfg = Release|Any CPU
		{2D09BBF7-A02D-4588-BC7A-9422C37E242E}.Release|Any CPU.Build.0 = Release|Any CPU
		{687ABFA6-7CB0-49AD-A07A-B6395F57418A}.Debug|Any CPU.ActiveCfg = Debug|Any CPU
		{687ABFA6-7CB0-49AD-A07A-B6395F57418A}.Debug|Any CPU.Build.0 = Debug|Any CPU
		{687ABFA6-7CB0-49AD-A07A-B6395F57418A}.Release|Any CPU.ActiveCfg = Release|Any CPU
		{687ABFA6-7CB0-49AD-A07A-B6395F57418A}.Release|Any CPU.Build.0 = Release|Any CPU
		{AB9E03D8-7803-4DDB-8404-7F3E59A927BE}.Debug|Any CPU.ActiveCfg = Debug|Any CPU
		{AB9E03D8-7803-4DDB-8404-7F3E59A927BE}.Debug|Any CPU.Build.0 = Debug|Any CPU
		{AB9E03D8-7803-4DDB-8404-7F3E59A927BE}.Release|Any CPU.ActiveCfg = Release|Any CPU
		{AB9E03D8-7803-4DDB-8404-7F3E59A927BE}.Release|Any CPU.Build.0 = Release|Any CPU
		{B59EF689-C686-44F1-80B8-8CED26EF3882}.Debug|Any CPU.ActiveCfg = Debug|Any CPU
		{B59EF689-C686-44F1-80B8-8CED26EF3882}.Debug|Any CPU.Build.0 = Debug|Any CPU
		{B59EF689-C686-44F1-80B8-8CED26EF3882}.Release|Any CPU.ActiveCfg = Release|Any CPU
		{B59EF689-C686-44F1-80B8-8CED26EF3882}.Release|Any CPU.Build.0 = Release|Any CPU
		{0870EB13-106D-49DE-903A-228CC6623AA7}.Debug|Any CPU.ActiveCfg = Debug|Any CPU
		{0870EB13-106D-49DE-903A-228CC6623AA7}.Debug|Any CPU.Build.0 = Debug|Any CPU
		{0870EB13-106D-49DE-903A-228CC6623AA7}.Release|Any CPU.ActiveCfg = Release|Any CPU
		{0870EB13-106D-49DE-903A-228CC6623AA7}.Release|Any CPU.Build.0 = Release|Any CPU
		{A49D88CC-1932-4962-A516-FF84E69869FC}.Debug|Any CPU.ActiveCfg = Debug|Any CPU
		{A49D88CC-1932-4962-A516-FF84E69869FC}.Debug|Any CPU.Build.0 = Debug|Any CPU
		{A49D88CC-1932-4962-A516-FF84E69869FC}.Release|Any CPU.ActiveCfg = Release|Any CPU
		{A49D88CC-1932-4962-A516-FF84E69869FC}.Release|Any CPU.Build.0 = Release|Any CPU
		{55982605-79CF-4B0A-951F-AAF76A652F57}.Debug|Any CPU.ActiveCfg = Debug|Any CPU
		{55982605-79CF-4B0A-951F-AAF76A652F57}.Debug|Any CPU.Build.0 = Debug|Any CPU
		{55982605-79CF-4B0A-951F-AAF76A652F57}.Release|Any CPU.ActiveCfg = Release|Any CPU
		{55982605-79CF-4B0A-951F-AAF76A652F57}.Release|Any CPU.Build.0 = Release|Any CPU
		{9461AB76-3A92-4216-9A93-AD6D705267A0}.Debug|Any CPU.ActiveCfg = Debug|Any CPU
		{9461AB76-3A92-4216-9A93-AD6D705267A0}.Debug|Any CPU.Build.0 = Debug|Any CPU
		{9461AB76-3A92-4216-9A93-AD6D705267A0}.Release|Any CPU.ActiveCfg = Release|Any CPU
		{9461AB76-3A92-4216-9A93-AD6D705267A0}.Release|Any CPU.Build.0 = Release|Any CPU
	EndGlobalSection
	GlobalSection(SolutionProperties) = preSolution
		HideSolutionNode = FALSE
	EndGlobalSection
	GlobalSection(ExtensibilityGlobals) = postSolution
		SolutionGuid = {5C4E2CCA-3077-4583-B0C9-12F3BC267056}
	EndGlobalSection
EndGlobal
